
Microsoft Visual Studio Solution File, Format Version 12.00
# Visual Studio Version 17
VisualStudioVersion = 17.0.31903.59
MinimumVisualStudioVersion = 10.0.40219.1
Project("{FAE04EC0-301F-11D3-BF4B-00C04F79EFBC}") = "CarPlataform", "CarPlataform\CarPlataform.csproj", "{36AE5959-746B-4794-B3DE-60470025162E}"
EndProject
Global
	GlobalSection(SolutionConfigurationPlatforms) = preSolution
		Debug|Any CPU = Debug|Any CPU
		Release|Any CPU = Release|Any CPU
	EndGlobalSection
	GlobalSection(ProjectConfigurationPlatforms) = postSolution
		{36AE5959-746B-4794-B3DE-60470025162E}.Debug|Any CPU.ActiveCfg = Debug|Any CPU
		{36AE5959-746B-4794-B3DE-60470025162E}.Debug|Any CPU.Build.0 = Debug|Any CPU
		{36AE5959-746B-4794-B3DE-60470025162E}.Release|Any CPU.ActiveCfg = Release|Any CPU
		{36AE5959-746B-4794-B3DE-60470025162E}.Release|Any CPU.Build.0 = Release|Any CPU
	EndGlobalSection
	GlobalSection(SolutionProperties) = preSolution
		HideSolutionNode = FALSE
	EndGlobalSection
	GlobalSection(ExtensibilityGlobals) = postSolution
		SolutionGuid = {87171369-F952-4C28-809D-024077ACAB88}
	EndGlobalSection
EndGlobal
